Microsoft Visual Studio Solution File, Format Version 12.00
# Visual Studio Version 17
VisualStudioVersion = 17.5.2.0
MinimumVisualStudioVersion = 10.0.40219.1
Project("{FAE04EC0-301F-11D3-BF4B-00C04F79EFBC}") = "app", "app/app.csproj", "{4195E981-2360-7259-32C6-BB2CA129A715}"
Project("{a2cfa965-8b2c-41a0-9448-beff54045e29}") = "lib", "lib/lib.csproj", "{73569562-cfd2-4246-9907-2eec12351c34}"
EndProject
Global
	GlobalSection(SolutionConfigurationPlatforms) = preSolution
		Debug|Any CPU = Debug|Any CPU
		Release|Any CPU = Release|Any CPU
	EndGlobalSection
	GlobalSection(ProjectConfigurationPlatforms) = postSolution
		{4195E981-2360-7259-32C6-BB2CA129A715}.Debug|Any CPU.ActiveCfg = Debug|Any CPU
		{4195E981-2360-7259-32C6-BB2CA129A715}.Debug|Any CPU.Build.0 = Debug|Any CPU
		{4195E981-2360-7259-32C6-BB2CA129A715}.Release|Any CPU.ActiveCfg = Release|Any CPU
		{4195E981-2360-7259-32C6-BB2CA129A715}.Release|Any CPU.Build.0 = Release|Any CPU
	EndGlobalSection
	GlobalSection(SolutionProperties) = preSolution
		HideSolutionNode = FALSE
	EndGlobalSection
	GlobalSection(ExtensibilityGlobals) = postSolution
		SolutionGuid = {515456A1-0908-480B-9B41-4B633111CAC4}
	EndGlobalSection
EndGlobal
